schema: '2.0'
stages:
  clean_data:
    cmd: python src/basic_cleaning.py
    deps:
    - path: data/raw/census.csv
      md5: 145de00f6e6053d3f7044628f9a5b5ff
      size: 3974474
    - path: metadata.yaml
      md5: 942f4dc355727f7302b242968d1d4bc5
      size: 86
    outs:
    - path: data/prepared/census.csv
      md5: 2446793aa822b145867de72dbe24bd28
      size: 2882004
  train_model:
    cmd: python src/train_model.py
    deps:
    - path: data/prepared/census.csv
      md5: 2446793aa822b145867de72dbe24bd28
      size: 2882004
    - path: src/utils.py
      md5: c74985438d6752a6efc9b7f81989ef3c
      size: 5370
    outs:
    - path: artifacts/models/encoder.joblib
      md5: e556b5ac987cdca09105ddc3c65c43b6
      size: 1537
    - path: artifacts/models/label_binarizer.joblib
      md5: 6648272f129eeb1e94cc88dfd7b13361
      size: 300
    - path: artifacts/models/model.joblib
      md5: d5bf89c2b1bef67d2927f79268ed107e
      size: 61748
  check_score:
    cmd: python src/check_score.py
    deps:
    - path: artifacts/models/encoder.joblib
      md5: e556b5ac987cdca09105ddc3c65c43b6
      size: 1537
    - path: artifacts/models/label_binarizer.joblib
      md5: 6648272f129eeb1e94cc88dfd7b13361
      size: 300
    - path: artifacts/models/model.joblib
      md5: d5bf89c2b1bef67d2927f79268ed107e
      size: 61748
    - path: data/prepared/census.csv
      md5: 2446793aa822b145867de72dbe24bd28
      size: 2882004
    - path: src/utils.py
      md5: c74985438d6752a6efc9b7f81989ef3c
      size: 5370
    outs:
    - path: artifacts/slice_output.txt
      md5: e2cf4213fcf59a54bce3ce26490930fd
      size: 8374
